
Microsoft Visual Studio Solution File, Format Version 12.00
# Visual Studio 2013
VisualStudioVersion = 12.0.30324.0
MinimumVisualStudioVersion = 10.0.40219.1
Project("{FAE04EC0-301F-11D3-BF4B-00C04F79EFBC}") = "Canto34", "Canto34\Canto34.csproj", "{5A2CA06D-0BB5-41CF-B0CC-5B4A0DFA3FC8}"
EndProject
Project("{FAE04EC0-301F-11D3-BF4B-00C04F79EFBC}") = "Canto34.Tests", "Canto34.Tests\Canto34.Tests.csproj", "{7779F100-2545-420B-BDCB-240CE3427102}"
EndProject
Global
	GlobalSection(SolutionConfigurationPlatforms) = preSolution
		Debug|Any CPU = Debug|Any CPU
		Release|Any CPU = Release|Any CPU
	EndGlobalSection
	GlobalSection(ProjectConfigurationPlatforms) = postSolution
		{5A2CA06D-0BB5-41CF-B0CC-5B4A0DFA3FC8}.Debug|Any CPU.ActiveCfg = Debug|Any CPU
		{5A2CA06D-0BB5-41CF-B0CC-5B4A0DFA3FC8}.Debug|Any CPU.Build.0 = Debug|Any CPU
		{5A2CA06D-0BB5-41CF-B0CC-5B4A0DFA3FC8}.Release|Any CPU.ActiveCfg = Release|Any CPU
		{5A2CA06D-0BB5-41CF-B0CC-5B4A0DFA3FC8}.Release|Any CPU.Build.0 = Release|Any CPU
		{7779F100-2545-420B-BDCB-240CE3427102}.Debug|Any CPU.ActiveCfg = Debug|Any CPU
		{7779F100-2545-420B-BDCB-240CE3427102}.Debug|Any CPU.Build.0 = Debug|Any CPU
		{7779F100-2545-420B-BDCB-240CE3427102}.Release|Any CPU.ActiveCfg = Release|Any CPU
		{7779F100-2545-420B-BDCB-240CE3427102}.Release|Any CPU.Build.0 = Release|Any CPU
	EndGlobalSection
	GlobalSection(SolutionProperties) = preSolution
		HideSolutionNode = FALSE
	EndGlobalSection
EndGlobal
